
Microsoft Visual Studio Solution File, Format Version 12.00
# Visual Studio Version 17
VisualStudioVersion = 17.12.35527.113 d17.12
MinimumVisualStudioVersion = 10.0.40219.1
Project("{8BC9CEB8-8B4A-11D0-8D11-00A0C91BC942}") = "Spiral", "Spiral\Spiral.vcxproj", "{D3900DF2-D9AF-4988-B32B-5D4D1362A514}"
EndProject
Global
	GlobalSection(SolutionConfigurationPlatforms) = preSolution
		Debug|x64 = Debug|x64
		Debug|x86 = Debug|x86
		Release|x64 = Release|x64
		Release|x86 = Release|x86
	EndGlobalSection
	GlobalSection(ProjectConfigurationPlatforms) = postSolution
		{D3900DF2-D9AF-4988-B32B-5D4D1362A514}.Debug|x64.ActiveCfg = Debug|x64
		{D3900DF2-D9AF-4988-B32B-5D4D1362A514}.Debug|x64.Build.0 = Debug|x64
		{D3900DF2-D9AF-4988-B32B-5D4D1362A514}.Debug|x86.ActiveCfg = Debug|Win32
		{D3900DF2-D9AF-4988-B32B-5D4D1362A514}.Debug|x86.Build.0 = Debug|Win32
		{D3900DF2-D9AF-4988-B32B-5D4D1362A514}.Release|x64.ActiveCfg = Release|x64
		{D3900DF2-D9AF-4988-B32B-5D4D1362A514}.Release|x64.Build.0 = Release|x64
		{D3900DF2-D9AF-4988-B32B-5D4D1362A514}.Release|x86.ActiveCfg = Release|Win32
		{D3900DF2-D9AF-4988-B32B-5D4D1362A514}.Release|x86.Build.0 = Release|Win32
	EndGlobalSection
	GlobalSection(SolutionProperties) = preSolution
		HideSolutionNode = FALSE
	EndGlobalSection
EndGlobal
